hash: 876a34bf699fb2a7108e2035e933a77ee4d93c831b642cb013eb760597642c49
updated: 2017-03-30T20:51:06.41262947-04:00
imports:
- name: github.com/ajph/bitstamp-go
  version: 23a1fe7e844e3ee8974786eab67bc45073600460
- name: github.com/bitfinexcom/bitfinex-api-go
  version: 400a5dc02c6f789d6eef1eb24a2735d1bf8e074e
- name: github.com/cavaliercoder/grab
  version: e403b038e10c3c6aaf022ab0f8502bd659604140
- name: github.com/DannyBen/quandl
  version: 19eeaf44b49c373251bf8ad2f61a18edc8552463
- name: github.com/gocarina/gocsv
  version: ffef3ffc77bec026fefa6f76bd53d158cfa0e669
- name: github.com/gorilla/websocket
  version: a91eba7f97777409bc2c443f5534d41dd20c5720
- name: github.com/Knetic/govaluate
  version: 4598e72a5762f7e683b840482a8bf9d19b1eb5e2
- name: github.com/toorop/go-bittrex
  version: 6def4c6a7b09054b23d3aad88bff48dacf6fc89b
- name: golang.org/x/net
  version: ffcf1bedda3b04ebb15a168a59800a73d6dc0f4d
  subpackages:
  - websocket
testImports: []
